
Microsoft Visual Studio Solution File, Format Version 12.00
# Visual Studio Version 16
VisualStudioVersion = 16.0.30717.126
MinimumVisualStudioVersion = 10.0.40219.1
Project("{FAE04EC0-301F-11D3-BF4B-00C04F79EFBC}") = "RoutingTableUpdater", "RoutingTableUpdater.csproj", "{1ECAB8DD-96C7-4A9F-BC81-16C3D5807E5B}"
EndProject
Global
	GlobalSection(SolutionConfigurationPlatforms) = preSolution
		Debug|Any CPU = Debug|Any CPU
		Release|Any CPU = Release|Any CPU
	EndGlobalSection
	GlobalSection(ProjectConfigurationPlatforms) = postSolution
		{1ECAB8DD-96C7-4A9F-BC81-16C3D5807E5B}.Debug|Any CPU.ActiveCfg = Debug|Any CPU
		{1ECAB8DD-96C7-4A9F-BC81-16C3D5807E5B}.Debug|Any CPU.Build.0 = Debug|Any CPU
		{1ECAB8DD-96C7-4A9F-BC81-16C3D5807E5B}.Release|Any CPU.ActiveCfg = Release|Any CPU
		{1ECAB8DD-96C7-4A9F-BC81-16C3D5807E5B}.Release|Any CPU.Build.0 = Release|Any CPU
	EndGlobalSection
	GlobalSection(SolutionProperties) = preSolution
		HideSolutionNode = FALSE
	EndGlobalSection
	GlobalSection(ExtensibilityGlobals) = postSolution
		SolutionGuid = {7A4F3C6D-2B09-44AD-9686-655BFDE775F1}
	EndGlobalSection
EndGlobal
